PODS:
  - contact_picker (0.0.1):
    - Flutter
  - Flutter (1.0.0)
  - simple_permissions (0.0.1):
    - Flutter

DEPENDENCIES:
  - contact_picker (from `.symlinks/plugins/contact_picker/ios`)
  - Flutter (from `.symlinks/flutter/ios`)
  - simple_permissions (from `.symlinks/plugins/simple_permissions/ios`)

EXTERNAL SOURCES:
  contact_picker:
    :path: ".symlinks/plugins/contact_picker/ios"
  Flutter:
    :path: ".symlinks/flutter/ios"
  simple_permissions:
    :path: ".symlinks/plugins/simple_permissions/ios"

SPEC CHECKSUMS:
  contact_picker: e5ff7027200ed490ac2b58a2338f81f79b05fe4f
  Flutter: 9d0fac939486c9aba2809b7982dfdbb47a7b0296
  simple_permissions: 8ea52208b437f8fae29d97a55fe00b705a53246b

PODFILE CHECKSUM: 9c6aafc5df40cc10213abaed8c205ed32bb54f95

COCOAPODS: 1.6.0.beta.1
